
Microsoft Visual Studio Solution File, Format Version 12.00
# Visual Studio Version 17
VisualStudioVersion = 17.3.32929.385
MinimumVisualStudioVersion = 10.0.40219.1
Project("{FAE04EC0-301F-11D3-BF4B-00C04F79EFBC}") = "Exec2_Star", "Exec2_Star\Exec2_Star.csproj", "{5A49CF63-351E-414B-9A40-D7524D0D3647}"
EndProject
Global
	GlobalSection(SolutionConfigurationPlatforms) = preSolution
		Debug|Any CPU = Debug|Any CPU
		Release|Any CPU = Release|Any CPU
	EndGlobalSection
	GlobalSection(ProjectConfigurationPlatforms) = postSolution
		{5A49CF63-351E-414B-9A40-D7524D0D3647}.Debug|Any CPU.ActiveCfg = Debug|Any CPU
		{5A49CF63-351E-414B-9A40-D7524D0D3647}.Debug|Any CPU.Build.0 = Debug|Any CPU
		{5A49CF63-351E-414B-9A40-D7524D0D3647}.Release|Any CPU.ActiveCfg = Release|Any CPU
		{5A49CF63-351E-414B-9A40-D7524D0D3647}.Release|Any CPU.Build.0 = Release|Any CPU
	EndGlobalSection
	GlobalSection(SolutionProperties) = preSolution
		HideSolutionNode = FALSE
	EndGlobalSection
	GlobalSection(ExtensibilityGlobals) = postSolution
		SolutionGuid = {28B500F3-5D07-4380-BC52-AFF1FBB01ADB}
	EndGlobalSection
EndGlobal
